
Microsoft Visual Studio Solution File, Format Version 12.00
# Visual Studio Version 16
VisualStudioVersion = 16.0.28803.352
MinimumVisualStudioVersion = 10.0.40219.1
Project("{FAE04EC0-301F-11D3-BF4B-00C04F79EFBC}") = "GraniteWarehouse", "GraniteWarehouse\GraniteWarehouse.csproj", "{D194E6AE-D2A2-4CEF-9E31-13ABF55C734D}"
EndProject
Global
	GlobalSection(SolutionConfigurationPlatforms) = preSolution
		Debug|Any CPU = Debug|Any CPU
		Release|Any CPU = Release|Any CPU
	EndGlobalSection
	GlobalSection(ProjectConfigurationPlatforms) = postSolution
		{D194E6AE-D2A2-4CEF-9E31-13ABF55C734D}.Debug|Any CPU.ActiveCfg = Debug|Any CPU
		{D194E6AE-D2A2-4CEF-9E31-13ABF55C734D}.Debug|Any CPU.Build.0 = Debug|Any CPU
		{D194E6AE-D2A2-4CEF-9E31-13ABF55C734D}.Release|Any CPU.ActiveCfg = Release|Any CPU
		{D194E6AE-D2A2-4CEF-9E31-13ABF55C734D}.Release|Any CPU.Build.0 = Release|Any CPU
	EndGlobalSection
	GlobalSection(SolutionProperties) = preSolution
		HideSolutionNode = FALSE
	EndGlobalSection
	GlobalSection(ExtensibilityGlobals) = postSolution
		SolutionGuid = {70774B82-F73B-4DC2-AB78-71BA31C7B512}
	EndGlobalSection
EndGlobal
